
Microsoft Visual Studio Solution File, Format Version 12.00
# Visual Studio 14
VisualStudioVersion = 14.0.25123.0
MinimumVisualStudioVersion = 10.0.40219.1
Project("{FAE04EC0-301F-11D3-BF4B-00C04F79EFBC}") = "CreateWebAPIService", "CreateWebAPIService\CreateWebAPIService.csproj", "{FAC6594A-935A-4E5E-AB9F-2C414559360B}"
EndProject
Project("{FAE04EC0-301F-11D3-BF4B-00C04F79EFBC}") = "EmployeeDataAccess", "EmployeeDataAccess\EmployeeDataAccess.csproj", "{F1170E51-8F4E-4D7A-880A-D32CDA7BABA5}"
EndProject
Global
	GlobalSection(SolutionConfigurationPlatforms) = preSolution
		Debug|Any CPU = Debug|Any CPU
		Release|Any CPU = Release|Any CPU
	EndGlobalSection
	GlobalSection(ProjectConfigurationPlatforms) = postSolution
		{FAC6594A-935A-4E5E-AB9F-2C414559360B}.Debug|Any CPU.ActiveCfg = Debug|Any CPU
		{FAC6594A-935A-4E5E-AB9F-2C414559360B}.Debug|Any CPU.Build.0 = Debug|Any CPU
		{FAC6594A-935A-4E5E-AB9F-2C414559360B}.Release|Any CPU.ActiveCfg = Release|Any CPU
		{FAC6594A-935A-4E5E-AB9F-2C414559360B}.Release|Any CPU.Build.0 = Release|Any CPU
		{F1170E51-8F4E-4D7A-880A-D32CDA7BABA5}.Debug|Any CPU.ActiveCfg = Debug|Any CPU
		{F1170E51-8F4E-4D7A-880A-D32CDA7BABA5}.Debug|Any CPU.Build.0 = Debug|Any CPU
		{F1170E51-8F4E-4D7A-880A-D32CDA7BABA5}.Release|Any CPU.ActiveCfg = Release|Any CPU
		{F1170E51-8F4E-4D7A-880A-D32CDA7BABA5}.Release|Any CPU.Build.0 = Release|Any CPU
	EndGlobalSection
	GlobalSection(SolutionProperties) = preSolution
		HideSolutionNode = FALSE
	EndGlobalSection
EndGlobal
